
Microsoft Visual Studio Solution File, Format Version 12.00
# Visual Studio Version 17
VisualStudioVersion = 17.14.36616.10 d17.14
MinimumVisualStudioVersion = 10.0.40219.1
Project("{FAE04EC0-301F-11D3-BF4B-00C04F79EFBC}") = "Testing_general", "Testing_general.csproj", "{A2227659-A683-42D6-8D32-88CD0DCE2D16}"
EndProject
Global
	GlobalSection(SolutionConfigurationPlatforms) = preSolution
		Debug|Any CPU = Debug|Any CPU
		Release|Any CPU = Release|Any CPU
	EndGlobalSection
	GlobalSection(ProjectConfigurationPlatforms) = postSolution
		{A2227659-A683-42D6-8D32-88CD0DCE2D16}.Debug|Any CPU.ActiveCfg = Debug|Any CPU
		{A2227659-A683-42D6-8D32-88CD0DCE2D16}.Debug|Any CPU.Build.0 = Debug|Any CPU
		{A2227659-A683-42D6-8D32-88CD0DCE2D16}.Release|Any CPU.ActiveCfg = Release|Any CPU
		{A2227659-A683-42D6-8D32-88CD0DCE2D16}.Release|Any CPU.Build.0 = Release|Any CPU
	EndGlobalSection
	GlobalSection(SolutionProperties) = preSolution
		HideSolutionNode = FALSE
	EndGlobalSection
	GlobalSection(ExtensibilityGlobals) = postSolution
		SolutionGuid = {7EEA6812-8B91-419C-8D1B-BE931D91DC00}
	EndGlobalSection
EndGlobal
